<?xml version="1.0" encoding="UTF-8"?>
<Scheme
   LastUpgradeVersion = "0930"
   version = "1.3">
   <BuildAction
      parallelizeBuildables = "YES"
      buildImplicitDependencies = "YES">
      <BuildActionEntries>
         <BuildActionEntry
            buildForTesting = "YES"
            buildForRunning = "YES"
            buildForProfiling = "YES"
            buildForArchiving = "YES"
            buildForAnalyzing = "YES">
            <BuildableReference
               BuildableIdentifier = "primary"
               BlueprintIdentifier = "870275EA20AC920600F9EE8F"
               BuildableName = "p2v"
               BlueprintName = "p2v"
               ReferencedContainer = "container:p2v.xcodeproj">
            </BuildableReference>
         </BuildActionEntry>
      </BuildActionEntries>
   </BuildAction>
   <TestAction
      buildConfiguration = "Debug"
      selectedDebuggerIdentifier = "Xcode.DebuggerFoundation.Debugger.LLDB"
      selectedLauncherIdentifier = "Xcode.DebuggerFoundation.Launcher.LLDB"
      shouldUseLaunchSchemeArgsEnv = "YES">
      <Testables>
      </Testables>
      <MacroExpansion>
         <BuildableReference
            BuildableIdentifier = "primary"
            BlueprintIdentifier = "870275EA20AC920600F9EE8F"
            BuildableName = "p2v"
            BlueprintName = "p2v"
            ReferencedContainer = "container:p2v.xcodeproj">
         </BuildableReference>
      </MacroExpansion>
      <AdditionalOptions>
      </AdditionalOptions>
   </TestAction>
   <LaunchAction
      buildConfiguration = "Debug"
      selectedDebuggerIdentifier = "Xcode.DebuggerFoundation.Debugger.LLDB"
      selectedLauncherIdentifier = "Xcode.DebuggerFoundation.Launcher.LLDB"
      launchStyle = "0"
      useCustomWorkingDirectory = "YES"
      customWorkingDirectory = "/Users/j_martin/dev/xcode/pindel2vcfplay"
      ignoresPersistentStateOnLaunch = "NO"
      debugDocumentVersioning = "YES"
      debugServiceExtension = "internal"
      allowLocationSimulation = "YES">
      <BuildableProductRunnable
         runnableDebuggingMode = "0">
         <BuildableReference
            BuildableIdentifier = "primary"
            BlueprintIdentifier = "870275EA20AC920600F9EE8F"
            BuildableName = "p2v"
            BlueprintName = "p2v"
            ReferencedContainer = "container:p2v.xcodeproj">
         </BuildableReference>
      </BuildableProductRunnable>
      <CommandLineArguments>
         <CommandLineArgument
            argument = "-co 200 -P /Users/j_martin/dev/xcode/p2v-data/rice/953_1122756/953_1122756.pindel.BND -r /Users/j_martin/dev/xcode/p2v-data/rice/Oryza_sativa_var_Kitaake.fa -R kitaake3.fa -d 04-25-18 -v test/p2v-kitaake-v3"
            isEnabled = "YES">
         </CommandLineArgument>
      </CommandLineArguments>
      <EnvironmentVariables>
         <EnvironmentVariable
            key = "QUICK_ARGS"
            value = "-co 200 -P test/test.1006_1162994.pindel.BND -r test/mini.fa -R mini.fa -d 04-25-18 -v test/out"
            isEnabled = "YES">
         </EnvironmentVariable>
         <EnvironmentVariable
            key = "RICE_ARGS"
            value = "-co 200 -P /Users/j_martin/dev/xcode/p2v-data/rice/953_1122756/953_1122756.pindel.BND -r /Users/j_martin/dev/xcode/p2v-data/rice/Oryza_sativa_var_Kitaake.fa -R kitaake3.fa -d 04-25-18 -v test/kitaake-v3"
            isEnabled = "YES">
         </EnvironmentVariable>
      </EnvironmentVariables>
      <AdditionalOptions>
      </AdditionalOptions>
   </LaunchAction>
   <ProfileAction
      buildConfiguration = "Release"
      shouldUseLaunchSchemeArgsEnv = "YES"
      savedToolIdentifier = ""
      useCustomWorkingDirectory = "NO"
      debugDocumentVersioning = "YES">
      <BuildableProductRunnable
         runnableDebuggingMode = "0">
         <BuildableReference
            BuildableIdentifier = "primary"
            BlueprintIdentifier = "870275EA20AC920600F9EE8F"
            BuildableName = "p2v"
            BlueprintName = "p2v"
            ReferencedContainer = "container:p2v.xcodeproj">
         </BuildableReference>
      </BuildableProductRunnable>
   </ProfileAction>
   <AnalyzeAction
      buildConfiguration = "Debug">
   </AnalyzeAction>
   <ArchiveAction
      buildConfiguration = "Release"
      revealArchiveInOrganizer = "YES">
   </ArchiveAction>
</Scheme>
